// !$*UTF8*$!
{
	archiveVersion = 1;
	classes = {
	};
	objectVersion = 56;
	objects = {

/* Begin PBXBuildFile section */
		3A56EB425CC3E8577B4FAB6C /* Assets.xcassets in Resources */ = {isa = PBXBuildFile; fileRef = D8CAD28ADD40C70F1CD2D6F3 /* Assets.xcassets */; };
/* End PBXBuildFile section */

/* Begin PBXContainerItemProxy section */
		3168F1019AAB657D2A3694E0 /* PBXContainerItemProxy */ = {
			isa = PBXContainerItemProxy;
			containerPortal = B1CEC94EE531F3E798F05E7A /* Project object */;
			proxyType = 1;
			remoteGlobalIDString = D9F44E65F998251F834C6A7A;
			remoteInfo = "Pyeon-Duck";
		};
/* End PBXContainerItemProxy section */

/* Begin PBXCopyFilesBuildPhase section */
		F4935B7B34B3FA28B40B8504 /* Embed Frameworks */ = {
			isa = PBXCopyFilesBuildPhase;
			buildActionMask = 2147483647;
			dstPath = "";
			dstSubfolderSpec = 10;
			files = (
			);
			name = "Embed Frameworks";
			runOnlyForDeploymentPostprocessing = 0;
		};
		FCE3532C55B9F08A8D44433A /* Embed Frameworks */ = {
			isa = PBXCopyFilesBuildPhase;
			buildActionMask = 2147483647;
			dstPath = "";
			dstSubfolderSpec = 10;
			files = (
			);
			name = "Embed Frameworks";
			runOnlyForDeploymentPostprocessing = 0;
		};
/* End PBXCopyFilesBuildPhase section */

/* Begin PBXFileReference section */
		3106D58AECEDE02AC1BBF125 /* Pyeon_Duck.app */ = {isa = PBXFileReference; explicitFileType = wrapper.application; includeInIndex = 0; path = Pyeon_Duck.app; sourceTree = BUILT_PRODUCTS_DIR; };
		412407031BB4241B180C8F99 /* Pyeon_DuckTests.xctest */ = {isa = PBXFileReference; explicitFileType = wrapper.cfbundle; includeInIndex = 0; path = Pyeon_DuckTests.xctest; sourceTree = BUILT_PRODUCTS_DIR; };
		441ABE38EAF86A770747DE37 /* RxCocoaRuntime.framework */ = {isa = PBXFileReference; explicitFileType = wrapper.framework; includeInIndex = 0; path = RxCocoaRuntime.framework; sourceTree = BUILT_PRODUCTS_DIR; };
		4E8FCF1B2C8AECCF0004434E /* Info.plist */ = {isa = PBXFileReference; fileEncoding = 4; lastKnownFileType = text.plist.xml; path = Info.plist; sourceTree = "<group>"; };
		626B1D04DECD86D1B051820F /* RxSwift.framework */ = {isa = PBXFileReference; explicitFileType = wrapper.framework; includeInIndex = 0; path = RxSwift.framework; sourceTree = BUILT_PRODUCTS_DIR; };
		6A85E0DF38C7796FD073F84C /* RxRelay.framework */ = {isa = PBXFileReference; explicitFileType = wrapper.framework; includeInIndex = 0; path = RxRelay.framework; sourceTree = BUILT_PRODUCTS_DIR; };
		78C36AF287F2B4495BDA9AC2 /* RxDataSources.framework */ = {isa = PBXFileReference; explicitFileType = wrapper.framework; includeInIndex = 0; path = RxDataSources.framework; sourceTree = BUILT_PRODUCTS_DIR; };
		82DB56E976B431B22BE70DC9 /* RxCocoa.framework */ = {isa = PBXFileReference; explicitFileType = wrapper.framework; includeInIndex = 0; path = RxCocoa.framework; sourceTree = BUILT_PRODUCTS_DIR; };
		D8CAD28ADD40C70F1CD2D6F3 /* Assets.xcassets */ = {isa = PBXFileReference; lastKnownFileType = folder.assetcatalog; path = Assets.xcassets; sourceTree = "<group>"; };
		F4713946403D3A5C74398583 /* Alamofire.framework */ = {isa = PBXFileReference; explicitFileType = wrapper.framework; includeInIndex = 0; path = Alamofire.framework; sourceTree = BUILT_PRODUCTS_DIR; };
/* End PBXFileReference section */

/* Begin PBXFrameworksBuildPhase section */
		B85A68EB88B51C19DF113AAD /* Frameworks */ = {
			isa = PBXFrameworksBuildPhase;
			buildActionMask = 2147483647;
			files = (
			);
			runOnlyForDeploymentPostprocessing = 0;
		};
		D2DA094ED6719299DB53FD6A /* Frameworks */ = {
			isa = PBXFrameworksBuildPhase;
			buildActionMask = 2147483647;
			files = (
			);
			runOnlyForDeploymentPostprocessing = 0;
		};
/* End PBXFrameworksBuildPhase section */

/* Begin PBXGroup section */
		16DA8B33C035265AECD3FA36 /* Resources */ = {
			isa = PBXGroup;
			children = (
				75B14F49F74932BA53AC614D /* Cells */,
				E1A2A263E5BD5749796E486B /* StoryBoards */,
				D8CAD28ADD40C70F1CD2D6F3 /* Assets.xcassets */,
				4E8FCF1B2C8AECCF0004434E /* Info.plist */,
			);
			path = Resources;
			sourceTree = "<group>";
		};
		4E8FCF1D2C8AEF670004434E /* Scenes */ = {
			isa = PBXGroup;
			children = (
				4E8FCF1F2C8AEF8D0004434E /* SignUp */,
				4E8FCF1E2C8AEF860004434E /* Login */,
				4E8FCF202C8AEF970004434E /* Main */,
			);
			path = Scenes;
			sourceTree = "<group>";
		};
		4E8FCF1E2C8AEF860004434E /* Login */ = {
			isa = PBXGroup;
			children = (
			);
			path = Login;
			sourceTree = "<group>";
		};
		4E8FCF1F2C8AEF8D0004434E /* SignUp */ = {
			isa = PBXGroup;
			children = (
			);
			path = SignUp;
			sourceTree = "<group>";
		};
		4E8FCF202C8AEF970004434E /* Main */ = {
			isa = PBXGroup;
			children = (
				4E8FCF242C8AEFEF0004434E /* Notice */,
				4E8FCF232C8AEFE60004434E /* Store */,
				4E8FCF222C8AEFCA0004434E /* Bucket */,
				4E8FCF212C8AEFC30004434E /* Profile */,
				4E8FCF252C8AF0020004434E /* Search */,
			);
			path = Main;
			sourceTree = "<group>";
		};
		4E8FCF212C8AEFC30004434E /* Profile */ = {
			isa = PBXGroup;
			children = (
			);
			path = Profile;
			sourceTree = "<group>";
		};
		4E8FCF222C8AEFCA0004434E /* Bucket */ = {
			isa = PBXGroup;
			children = (
			);
			path = Bucket;
			sourceTree = "<group>";
		};
		4E8FCF232C8AEFE60004434E /* Store */ = {
			isa = PBXGroup;
			children = (
			);
			path = Store;
			sourceTree = "<group>";
		};
		4E8FCF242C8AEFEF0004434E /* Notice */ = {
			isa = PBXGroup;
			children = (
			);
			path = Notice;
			sourceTree = "<group>";
		};
		4E8FCF252C8AF0020004434E /* Search */ = {
			isa = PBXGroup;
			children = (
			);
			path = Search;
			sourceTree = "<group>";
		};
		4E8FCF262C8AF02B0004434E /* Helpers */ = {
			isa = PBXGroup;
			children = (
				4E8FCF2A2C8AF0770004434E /* Extensions */,
				4E8FCF282C8AF04D0004434E /* Services */,
				4E8FCF272C8AF0430004434E /* Delegates */,
			);
			path = Helpers;
			sourceTree = "<group>";
		};
		4E8FCF272C8AF0430004434E /* Delegates */ = {
			isa = PBXGroup;
			children = (
			);
			path = Delegates;
			sourceTree = "<group>";
		};
		4E8FCF282C8AF04D0004434E /* Services */ = {
			isa = PBXGroup;
			children = (
			);
			path = Services;
			sourceTree = "<group>";
		};
		4E8FCF292C8AF0570004434E /* Coordinators */ = {
			isa = PBXGroup;
			children = (
			);
			path = Coordinators;
			sourceTree = "<group>";
		};
		4E8FCF2A2C8AF0770004434E /* Extensions */ = {
			isa = PBXGroup;
			children = (
			);
			path = Extensions;
			sourceTree = "<group>";
		};
		5A3A047BCE852E3EEE45AD30 = {
			isa = PBXGroup;
			children = (
				AFFF844D67D5304612EEBB76 /* Project */,
				FA49939BBA1F56F5B0BFF612 /* Products */,
			);
			sourceTree = "<group>";
		};
		75B14F49F74932BA53AC614D /* Cells */ = {
			isa = PBXGroup;
			children = (
			);
			path = Cells;
			sourceTree = "<group>";
		};
		983B7176D75803B63BBB65A8 /* Pyeon-Duck */ = {
			isa = PBXGroup;
			children = (
				16DA8B33C035265AECD3FA36 /* Resources */,
				DC385B5FD6E70B9BEC3DE40A /* Sources */,
			);
			path = "Pyeon-Duck";
			sourceTree = "<group>";
		};
		AFFF844D67D5304612EEBB76 /* Project */ = {
			isa = PBXGroup;
			children = (
				983B7176D75803B63BBB65A8 /* Pyeon-Duck */,
			);
			name = Project;
			sourceTree = "<group>";
		};
		DC385B5FD6E70B9BEC3DE40A /* Sources */ = {
			isa = PBXGroup;
			children = (
				4E8FCF292C8AF0570004434E /* Coordinators */,
				4E8FCF262C8AF02B0004434E /* Helpers */,
				4E8FCF1D2C8AEF670004434E /* Scenes */,
			);
			path = Sources;
			sourceTree = "<group>";
		};
		E1A2A263E5BD5749796E486B /* StoryBoards */ = {
			isa = PBXGroup;
			children = (
			);
			path = StoryBoards;
			sourceTree = "<group>";
		};
		FA49939BBA1F56F5B0BFF612 /* Products */ = {
			isa = PBXGroup;
			children = (
				F4713946403D3A5C74398583 /* Alamofire.framework */,
				3106D58AECEDE02AC1BBF125 /* Pyeon_Duck.app */,
				412407031BB4241B180C8F99 /* Pyeon_DuckTests.xctest */,
				82DB56E976B431B22BE70DC9 /* RxCocoa.framework */,
				441ABE38EAF86A770747DE37 /* RxCocoaRuntime.framework */,
				78C36AF287F2B4495BDA9AC2 /* RxDataSources.framework */,
				6A85E0DF38C7796FD073F84C /* RxRelay.framework */,
				626B1D04DECD86D1B051820F /* RxSwift.framework */,
			);
			name = Products;
			sourceTree = "<group>";
		};
/* End PBXGroup section */

/* Begin PBXNativeTarget section */
		31A9C52752F9005BDD433C0D /* Pyeon-DuckTests */ = {
			isa = PBXNativeTarget;
			buildConfigurationList = 0522C41C8309EE55060AB2E6 /* Build configuration list for PBXNativeTarget "Pyeon-DuckTests" */;
			buildPhases = (
				E85AE0AB222A256B29DF922B /* Sources */,
				676700D58E51FE9FDABBCE7E /* Resources */,
				F4935B7B34B3FA28B40B8504 /* Embed Frameworks */,
				D2DA094ED6719299DB53FD6A /* Frameworks */,
			);
			buildRules = (
			);
			dependencies = (
				8D227D6B36C80F681B185A1B /* PBXTargetDependency */,
			);
			name = "Pyeon-DuckTests";
			productName = Pyeon_DuckTests;
			productReference = 412407031BB4241B180C8F99 /* Pyeon_DuckTests.xctest */;
			productType = "com.apple.product-type.bundle.unit-test";
		};
		D9F44E65F998251F834C6A7A /* Pyeon-Duck */ = {
			isa = PBXNativeTarget;
			buildConfigurationList = 9BF7E7E0DC863C4D381A4056 /* Build configuration list for PBXNativeTarget "Pyeon-Duck" */;
			buildPhases = (
				FA9EF258197DCEABA39D01CB /* Sources */,
				0CFC91A6E17C0A114148A10D /* Resources */,
				FCE3532C55B9F08A8D44433A /* Embed Frameworks */,
				B85A68EB88B51C19DF113AAD /* Frameworks */,
			);
			buildRules = (
			);
			dependencies = (
			);
			name = "Pyeon-Duck";
			productName = Pyeon_Duck;
			productReference = 3106D58AECEDE02AC1BBF125 /* Pyeon_Duck.app */;
			productType = "com.apple.product-type.application";
		};
/* End PBXNativeTarget section */

/* Begin PBXProject section */
		B1CEC94EE531F3E798F05E7A /* Project object */ = {
			isa = PBXProject;
			attributes = {
				BuildIndependentTargetsInParallel = YES;
				TargetAttributes = {
					31A9C52752F9005BDD433C0D = {
						TestTargetID = D9F44E65F998251F834C6A7A;
					};
				};
			};
			buildConfigurationList = D3A2A4E2C8CE7DB81AD70152 /* Build configuration list for PBXProject "Pyeon-Duck" */;
			compatibilityVersion = "Xcode 14.0";
			developmentRegion = en;
			hasScannedForEncodings = 0;
			knownRegions = (
				Base,
				en,
			);
			mainGroup = 5A3A047BCE852E3EEE45AD30;
			productRefGroup = FA49939BBA1F56F5B0BFF612 /* Products */;
			projectDirPath = "";
			projectRoot = "";
			targets = (
				D9F44E65F998251F834C6A7A /* Pyeon-Duck */,
				31A9C52752F9005BDD433C0D /* Pyeon-DuckTests */,
			);
		};
/* End PBXProject section */

/* Begin PBXResourcesBuildPhase section */
		0CFC91A6E17C0A114148A10D /* Resources */ = {
			isa = PBXResourcesBuildPhase;
			buildActionMask = 2147483647;
			files = (
				3A56EB425CC3E8577B4FAB6C /* Assets.xcassets in Resources */,
			);
			runOnlyForDeploymentPostprocessing = 0;
		};
		676700D58E51FE9FDABBCE7E /* Resources */ = {
			isa = PBXResourcesBuildPhase;
			buildActionMask = 2147483647;
			files = (
			);
			runOnlyForDeploymentPostprocessing = 0;
		};
/* End PBXResourcesBuildPhase section */

/* Begin PBXSourcesBuildPhase section */
		E85AE0AB222A256B29DF922B /* Sources */ = {
			isa = PBXSourcesBuildPhase;
			buildActionMask = 2147483647;
			files = (
			);
			runOnlyForDeploymentPostprocessing = 0;
		};
		FA9EF258197DCEABA39D01CB /* Sources */ = {
			isa = PBXSourcesBuildPhase;
			buildActionMask = 2147483647;
			files = (
			);
			runOnlyForDeploymentPostprocessing = 0;
		};
/* End PBXSourcesBuildPhase section */

/* Begin PBXTargetDependency section */
		8D227D6B36C80F681B185A1B /* PBXTargetDependency */ = {
			isa = PBXTargetDependency;
			name = "Pyeon-Duck";
			target = D9F44E65F998251F834C6A7A /* Pyeon-Duck */;
			targetProxy = 3168F1019AAB657D2A3694E0 /* PBXContainerItemProxy */;
		};
/* End PBXTargetDependency section */

/* Begin XCBuildConfiguration section */
		28E8659470F992456EFB987E /* Debug */ = {
			isa = XCBuildConfiguration;
			buildSettings = {
				BUNDLE_LOADER = "$(TEST_HOST)";
				CODE_SIGN_IDENTITY = "iPhone Developer";
				DEVELOPMENT_TEAM = 4MN45GZSDT;
				HEADER_SEARCH_PATHS = (
					"$(inherited)",
					"$(inherited)",
					"$(SRCROOT)/Tuist/.build/checkouts/RxSwift/Sources/RxCocoaRuntime/include",
				);
				IPHONEOS_DEPLOYMENT_TARGET = 16.0;
				LD_RUNPATH_SEARCH_PATHS = (
					"$(inherited)",
					"@executable_path/Frameworks",
					"@loader_path/Frameworks",
				);
				OTHER_CFLAGS = (
					"$(inherited)",
					"-fmodule-map-file=$(SRCROOT)/Tuist/.build/tuist-derived/RxCocoaRuntime/RxCocoaRuntime.modulemap",
				);
				OTHER_SWIFT_FLAGS = "$(inherited) -Xcc -fmodule-map-file=$(SRCROOT)/Tuist/.build/tuist-derived/RxCocoaRuntime/RxCocoaRuntime.modulemap";
				PRODUCT_BUNDLE_IDENTIFIER = "com.Junwoo.Jununu.Pyeon-DuckTests";
				PRODUCT_NAME = Pyeon_DuckTests;
				SDKROOT = iphoneos;
				SUPPORTS_MACCATALYST = NO;
				SUPPORTS_MAC_DESIGNED_FOR_IPHONE_IPAD = YES;
				SUPPORTS_XR_DESIGNED_FOR_IPHONE_IPAD = NO;
				SWIFT_ACTIVE_COMPILATION_CONDITIONS = "$(inherited) DEBUG";
				SWIFT_COMPILATION_MODE = singlefile;
				SWIFT_OPTIMIZATION_LEVEL = "-Onone";
				SWIFT_VERSION = 5.0;
				TARGETED_DEVICE_FAMILY = "1,2";
				TEST_HOST = "$(BUILT_PRODUCTS_DIR)/Pyeon_Duck.app/$(BUNDLE_EXECUTABLE_FOLDER_PATH)/Pyeon_Duck";
				TEST_TARGET_NAME = "Pyeon-Duck";
			};
			name = Debug;
		};
		41124AFF5D1C8F9FE78F5D74 /* Release */ = {
			isa = XCBuildConfiguration;
			buildSettings = {
				BUNDLE_LOADER = "$(TEST_HOST)";
				CODE_SIGN_IDENTITY = "iPhone Developer";
				DEVELOPMENT_TEAM = 4MN45GZSDT;
				HEADER_SEARCH_PATHS = (
					"$(inherited)",
					"$(inherited)",
					"$(SRCROOT)/Tuist/.build/checkouts/RxSwift/Sources/RxCocoaRuntime/include",
				);
				IPHONEOS_DEPLOYMENT_TARGET = 16.0;
				LD_RUNPATH_SEARCH_PATHS = (
					"$(inherited)",
					"@executable_path/Frameworks",
					"@loader_path/Frameworks",
				);
				OTHER_CFLAGS = (
					"$(inherited)",
					"-fmodule-map-file=$(SRCROOT)/Tuist/.build/tuist-derived/RxCocoaRuntime/RxCocoaRuntime.modulemap",
				);
				OTHER_SWIFT_FLAGS = "$(inherited) -Xcc -fmodule-map-file=$(SRCROOT)/Tuist/.build/tuist-derived/RxCocoaRuntime/RxCocoaRuntime.modulemap";
				PRODUCT_BUNDLE_IDENTIFIER = "com.Junwoo.Jununu.Pyeon-DuckTests";
				PRODUCT_NAME = Pyeon_DuckTests;
				SDKROOT = iphoneos;
				SUPPORTS_MACCATALYST = NO;
				SUPPORTS_MAC_DESIGNED_FOR_IPHONE_IPAD = YES;
				SUPPORTS_XR_DESIGNED_FOR_IPHONE_IPAD = NO;
				SWIFT_COMPILATION_MODE = wholemodule;
				SWIFT_OPTIMIZATION_LEVEL = "-Owholemodule";
				SWIFT_VERSION = 5.0;
				TARGETED_DEVICE_FAMILY = "1,2";
				TEST_HOST = "$(BUILT_PRODUCTS_DIR)/Pyeon_Duck.app/$(BUNDLE_EXECUTABLE_FOLDER_PATH)/Pyeon_Duck";
				TEST_TARGET_NAME = "Pyeon-Duck";
			};
			name = Release;
		};
		6278D11EBB3EDF177274E92F /* Release */ = {
			isa = XCBuildConfiguration;
			buildSettings = {
				ASSETCATALOG_COMPILER_APPICON_NAME = AppIcon;
				CODE_SIGN_IDENTITY = "iPhone Developer";
				DEVELOPMENT_TEAM = 4MN45GZSDT;
				ENABLE_PREVIEWS = YES;
				HEADER_SEARCH_PATHS = (
					"$(inherited)",
					"$(inherited)",
					"$(SRCROOT)/Tuist/.build/checkouts/RxSwift/Sources/RxCocoaRuntime/include",
				);
				INFOPLIST_FILE = "Pyeon-Duck/Resources/Info.plist";
				IPHONEOS_DEPLOYMENT_TARGET = 16.0;
				LD_RUNPATH_SEARCH_PATHS = (
					"$(inherited)",
					"@executable_path/Frameworks",
				);
				OTHER_CFLAGS = (
					"$(inherited)",
					"-fmodule-map-file=$(SRCROOT)/Tuist/.build/tuist-derived/RxCocoaRuntime/RxCocoaRuntime.modulemap",
				);
				OTHER_SWIFT_FLAGS = "$(inherited) -Xcc -fmodule-map-file=$(SRCROOT)/Tuist/.build/tuist-derived/RxCocoaRuntime/RxCocoaRuntime.modulemap";
				PRODUCT_BUNDLE_IDENTIFIER = "com.Junwoo.Jununu.Pyeon-Duck";
				PRODUCT_NAME = Pyeon_Duck;
				SDKROOT = iphoneos;
				SUPPORTS_MACCATALYST = NO;
				SUPPORTS_MAC_DESIGNED_FOR_IPHONE_IPAD = YES;
				SUPPORTS_XR_DESIGNED_FOR_IPHONE_IPAD = NO;
				SWIFT_COMPILATION_MODE = wholemodule;
				SWIFT_OPTIMIZATION_LEVEL = "-Owholemodule";
				SWIFT_VERSION = 5.0;
				TARGETED_DEVICE_FAMILY = "1,2";
			};
			name = Release;
		};
		7D6E7C29DCE7A2994C9EC836 /* Debug */ = {
			isa = XCBuildConfiguration;
			buildSettings = {
				ASSETCATALOG_COMPILER_APPICON_NAME = AppIcon;
				CODE_SIGN_IDENTITY = "iPhone Developer";
				DEVELOPMENT_TEAM = 4MN45GZSDT;
				ENABLE_PREVIEWS = YES;
				HEADER_SEARCH_PATHS = (
					"$(inherited)",
					"$(inherited)",
					"$(SRCROOT)/Tuist/.build/checkouts/RxSwift/Sources/RxCocoaRuntime/include",
				);
				INFOPLIST_FILE = "Pyeon-Duck/Resources/Info.plist";
				IPHONEOS_DEPLOYMENT_TARGET = 16.0;
				LD_RUNPATH_SEARCH_PATHS = (
					"$(inherited)",
					"@executable_path/Frameworks",
				);
				OTHER_CFLAGS = (
					"$(inherited)",
					"-fmodule-map-file=$(SRCROOT)/Tuist/.build/tuist-derived/RxCocoaRuntime/RxCocoaRuntime.modulemap",
				);
				OTHER_SWIFT_FLAGS = "$(inherited) -Xcc -fmodule-map-file=$(SRCROOT)/Tuist/.build/tuist-derived/RxCocoaRuntime/RxCocoaRuntime.modulemap";
				PRODUCT_BUNDLE_IDENTIFIER = "com.Junwoo.Jununu.Pyeon-Duck";
				PRODUCT_NAME = Pyeon_Duck;
				SDKROOT = iphoneos;
				SUPPORTS_MACCATALYST = NO;
				SUPPORTS_MAC_DESIGNED_FOR_IPHONE_IPAD = YES;
				SUPPORTS_XR_DESIGNED_FOR_IPHONE_IPAD = NO;
				SWIFT_ACTIVE_COMPILATION_CONDITIONS = "$(inherited) DEBUG";
				SWIFT_COMPILATION_MODE = singlefile;
				SWIFT_OPTIMIZATION_LEVEL = "-Onone";
				SWIFT_VERSION = 5.0;
				TARGETED_DEVICE_FAMILY = "1,2";
			};
			name = Debug;
		};
		92AB238054860CBF03B429BC /* Release */ = {
			isa = XCBuildConfiguration;
			buildSettings = {
				ALWAYS_SEARCH_USER_PATHS = NO;
				CLANG_ANALYZER_LOCALIZABILITY_NONLOCALIZED = YES;
				CLANG_ANALYZER_NONNULL = YES;
				CLANG_ANALYZER_NUMBER_OBJECT_CONVERSION = YES_AGGRESSIVE;
				CLANG_CXX_LANGUAGE_STANDARD = "gnu++14";
				CLANG_CXX_LIBRARY = "libc++";
				CLANG_ENABLE_MODULES = YES;
				CLANG_ENABLE_OBJC_ARC = YES;
				CLANG_ENABLE_OBJC_WEAK = YES;
				CLANG_WARN_BLOCK_CAPTURE_AUTORELEASING = YES;
				CLANG_WARN_BOOL_CONVERSION = YES;
				CLANG_WARN_COMMA = YES;
				CLANG_WARN_CONSTANT_CONVERSION = YES;
				CLANG_WARN_DEPRECATED_OBJC_IMPLEMENTATIONS = YES;
				CLANG_WARN_DIRECT_OBJC_ISA_USAGE = YES_ERROR;
				CLANG_WARN_DOCUMENTATION_COMMENTS = YES;
				CLANG_WARN_EMPTY_BODY = YES;
				CLANG_WARN_ENUM_CONVERSION = YES;
				CLANG_WARN_INFINITE_RECURSION = YES;
				CLANG_WARN_INT_CONVERSION = YES;
				CLANG_WARN_NON_LITERAL_NULL_CONVERSION = YES;
				CLANG_WARN_OBJC_IMPLICIT_RETAIN_SELF = YES;
				CLANG_WARN_OBJC_LITERAL_CONVERSION = YES;
				CLANG_WARN_OBJC_ROOT_CLASS = YES_ERROR;
				CLANG_WARN_QUOTED_INCLUDE_IN_FRAMEWORK_HEADER = YES;
				CLANG_WARN_RANGE_LOOP_ANALYSIS = YES;
				CLANG_WARN_STRICT_PROTOTYPES = YES;
				CLANG_WARN_SUSPICIOUS_MOVE = YES;
				CLANG_WARN_UNGUARDED_AVAILABILITY = YES_AGGRESSIVE;
				CLANG_WARN_UNREACHABLE_CODE = YES;
				CLANG_WARN__DUPLICATE_METHOD_MATCH = YES;
				COPY_PHASE_STRIP = NO;
				DEAD_CODE_STRIPPING = YES;
				DEBUG_INFORMATION_FORMAT = "dwarf-with-dsym";
				ENABLE_NS_ASSERTIONS = NO;
				ENABLE_STRICT_OBJC_MSGSEND = YES;
				GCC_C_LANGUAGE_STANDARD = gnu11;
				GCC_NO_COMMON_BLOCKS = YES;
				GCC_WARN_64_TO_32_BIT_CONVERSION = YES;
				GCC_WARN_ABOUT_RETURN_TYPE = YES_ERROR;
				GCC_WARN_UNDECLARED_SELECTOR = YES;
				GCC_WARN_UNINITIALIZED_AUTOS = YES_AGGRESSIVE;
				GCC_WARN_UNUSED_FUNCTION = YES;
				GCC_WARN_UNUSED_VARIABLE = YES;
				MTL_ENABLE_DEBUG_INFO = NO;
				PRODUCT_NAME = "$(TARGET_NAME)";
				VALIDATE_PRODUCT = YES;
			};
			name = Release;
		};
		F14FE8351D8AC0D2AB683E4C /* Debug */ = {
			isa = XCBuildConfiguration;
			buildSettings = {
				ALWAYS_SEARCH_USER_PATHS = NO;
				CLANG_ANALYZER_LOCALIZABILITY_NONLOCALIZED = YES;
				CLANG_ANALYZER_NONNULL = YES;
				CLANG_ANALYZER_NUMBER_OBJECT_CONVERSION = YES_AGGRESSIVE;
				CLANG_CXX_LANGUAGE_STANDARD = "gnu++14";
				CLANG_CXX_LIBRARY = "libc++";
				CLANG_ENABLE_MODULES = YES;
				CLANG_ENABLE_OBJC_ARC = YES;
				CLANG_ENABLE_OBJC_WEAK = YES;
				CLANG_WARN_BLOCK_CAPTURE_AUTORELEASING = YES;
				CLANG_WARN_BOOL_CONVERSION = YES;
				CLANG_WARN_COMMA = YES;
				CLANG_WARN_CONSTANT_CONVERSION = YES;
				CLANG_WARN_DEPRECATED_OBJC_IMPLEMENTATIONS = YES;
				CLANG_WARN_DIRECT_OBJC_ISA_USAGE = YES_ERROR;
				CLANG_WARN_DOCUMENTATION_COMMENTS = YES;
				CLANG_WARN_EMPTY_BODY = YES;
				CLANG_WARN_ENUM_CONVERSION = YES;
				CLANG_WARN_INFINITE_RECURSION = YES;
				CLANG_WARN_INT_CONVERSION = YES;
				CLANG_WARN_NON_LITERAL_NULL_CONVERSION = YES;
				CLANG_WARN_OBJC_IMPLICIT_RETAIN_SELF = YES;
				CLANG_WARN_OBJC_LITERAL_CONVERSION = YES;
				CLANG_WARN_OBJC_ROOT_CLASS = YES_ERROR;
				CLANG_WARN_QUOTED_INCLUDE_IN_FRAMEWORK_HEADER = YES;
				CLANG_WARN_RANGE_LOOP_ANALYSIS = YES;
				CLANG_WARN_STRICT_PROTOTYPES = YES;
				CLANG_WARN_SUSPICIOUS_MOVE = YES;
				CLANG_WARN_UNGUARDED_AVAILABILITY = YES_AGGRESSIVE;
				CLANG_WARN_UNREACHABLE_CODE = YES;
				CLANG_WARN__DUPLICATE_METHOD_MATCH = YES;
				COPY_PHASE_STRIP = NO;
				DEAD_CODE_STRIPPING = YES;
				DEBUG_INFORMATION_FORMAT = dwarf;
				ENABLE_STRICT_OBJC_MSGSEND = YES;
				ENABLE_TESTABILITY = YES;
				GCC_C_LANGUAGE_STANDARD = gnu11;
				GCC_DYNAMIC_NO_PIC = NO;
				GCC_NO_COMMON_BLOCKS = YES;
				GCC_OPTIMIZATION_LEVEL = 0;
				GCC_PREPROCESSOR_DEFINITIONS = (
					"DEBUG=1",
					"$(inherited)",
				);
				GCC_WARN_64_TO_32_BIT_CONVERSION = YES;
				GCC_WARN_ABOUT_RETURN_TYPE = YES_ERROR;
				GCC_WARN_UNDECLARED_SELECTOR = YES;
				GCC_WARN_UNINITIALIZED_AUTOS = YES_AGGRESSIVE;
				GCC_WARN_UNUSED_FUNCTION = YES;
				GCC_WARN_UNUSED_VARIABLE = YES;
				MTL_ENABLE_DEBUG_INFO = YES;
				ONLY_ACTIVE_ARCH = YES;
				PRODUCT_NAME = "$(TARGET_NAME)";
			};
			name = Debug;
		};
/* End XCBuildConfiguration section */

/* Begin XCConfigurationList section */
		0522C41C8309EE55060AB2E6 /* Build configuration list for PBXNativeTarget "Pyeon-DuckTests" */ = {
			isa = XCConfigurationList;
			buildConfigurations = (
				28E8659470F992456EFB987E /* Debug */,
				41124AFF5D1C8F9FE78F5D74 /* Release */,
			);
			defaultConfigurationIsVisible = 0;
			defaultConfigurationName = Release;
		};
		9BF7E7E0DC863C4D381A4056 /* Build configuration list for PBXNativeTarget "Pyeon-Duck" */ = {
			isa = XCConfigurationList;
			buildConfigurations = (
				7D6E7C29DCE7A2994C9EC836 /* Debug */,
				6278D11EBB3EDF177274E92F /* Release */,
			);
			defaultConfigurationIsVisible = 0;
			defaultConfigurationName = Release;
		};
		D3A2A4E2C8CE7DB81AD70152 /* Build configuration list for PBXProject "Pyeon-Duck" */ = {
			isa = XCConfigurationList;
			buildConfigurations = (
				F14FE8351D8AC0D2AB683E4C /* Debug */,
				92AB238054860CBF03B429BC /* Release */,
			);
			defaultConfigurationIsVisible = 0;
			defaultConfigurationName = Release;
		};
/* End XCConfigurationList section */
	};
	rootObject = B1CEC94EE531F3E798F05E7A /* Project object */;
}
