// !$*UTF8*$!
{
	archiveVersion = 1;
	classes = {
	};
	objectVersion = 56;
	objects = {

/* Begin PBXBuildFile section */
		001AF49D017383DC50DAE2EC /* DataManager.swift in Sources */ = {isa = PBXBuildFile; fileRef = D13DFB8BFEBE896605808AB2 /* DataManager.swift */; };
		017C163585921AD7CA104FD9 /* StockDetailViewModel.swift in Sources */ = {isa = PBXBuildFile; fileRef = 1E4109FF2F6A61B497A318F0 /* StockDetailViewModel.swift */; };
		0486CF837C5E51CAEE7FB2E5 /* ExpirationCreateVC.swift in Sources */ = {isa = PBXBuildFile; fileRef = 0710F3B35D152F5B65A9514A /* ExpirationCreateVC.swift */; };
		07BCB401760666578C757A9C /* ExpirationCalendarViewModel.swift in Sources */ = {isa = PBXBuildFile; fileRef = 9542204E458FB0E0AD49BB07 /* ExpirationCalendarViewModel.swift */; };
		11268AD163FCDAA230898B71 /* LaunchScreen.storyboard in Resources */ = {isa = PBXBuildFile; fileRef = D9B6E4158E0BACC6915BAC2D /* LaunchScreen.storyboard */; };
		18ECD01E146E99E748D0C544 /* SalaryViewModel.swift in Sources */ = {isa = PBXBuildFile; fileRef = F895D9872EB302F3E6220F3C /* SalaryViewModel.swift */; };
		1D2C36403FD398B5B774F6BD /* StockItemCell.swift in Sources */ = {isa = PBXBuildFile; fileRef = 4C4E0ED827F6F81E5D9C4023 /* StockItemCell.swift */; };
		25FEC7399D0773A830392FEE /* StockItem.storyboard in Resources */ = {isa = PBXBuildFile; fileRef = 7B7B2C91CC3592535273A5E9 /* StockItem.storyboard */; };
		26ED12FD6E7A98F82D182B8F /* StockItemVC.swift in Sources */ = {isa = PBXBuildFile; fileRef = 59180F8756EE222A0EFE8027 /* StockItemVC.swift */; };
		2744DBFFC3258A9501306649 /* StockItemCell.xib in Resources */ = {isa = PBXBuildFile; fileRef = 68964F233C32922541C4FE41 /* StockItemCell.xib */; };
		312974A1D3B4C0124B13EDC0 /* CustomImageView.swift in Sources */ = {isa = PBXBuildFile; fileRef = 5525E49FC77BB66F158D9CFE /* CustomImageView.swift */; };
		32F99C4B8D33E217DFA32CCA /* ExpirationListCell.swift in Sources */ = {isa = PBXBuildFile; fileRef = A355ED6E72CF3E2A48619DF8 /* ExpirationListCell.swift */; };
		361D723582B6995141698277 /* CalenderService.swift in Sources */ = {isa = PBXBuildFile; fileRef = A30FBC6378BCB0D3775E4570 /* CalenderService.swift */; };
		39EEE166B1394382E4FFBACB /* STTAlert.storyboard in Resources */ = {isa = PBXBuildFile; fileRef = 680BA7AF786BB9556BCD28DF /* STTAlert.storyboard */; };
		3A56EB425CC3E8577B4FAB6C /* Assets.xcassets in Resources */ = {isa = PBXBuildFile; fileRef = D8CAD28ADD40C70F1CD2D6F3 /* Assets.xcassets */; };
		3F7710912CC9A9CDB2E808D7 /* StockCreateVC.swift in Sources */ = {isa = PBXBuildFile; fileRef = 1372BCBD95C95742D398849D /* StockCreateVC.swift */; };
		43E07D1CF832109E13F1F70F /* CustomTableView.swift in Sources */ = {isa = PBXBuildFile; fileRef = 23F2E4566277044E8E0BFD6A /* CustomTableView.swift */; };
		4A8844AE9A12BC51F76AE58D /* StockItemViewModel.swift in Sources */ = {isa = PBXBuildFile; fileRef = 49826E59FE142FB88745971B /* StockItemViewModel.swift */; };
		4AE32AF96666A2DBFB8827AD /* SceneDelegate.swift in Sources */ = {isa = PBXBuildFile; fileRef = A89237DC8D4CF6F96662123C /* SceneDelegate.swift */; };
		4C05FA66A8FCCEB9C66281A6 /* StockCategoryViewModel.swift in Sources */ = {isa = PBXBuildFile; fileRef = A3735C32B04255F909C52A3D /* StockCategoryViewModel.swift */; };
		4D1EA47FD9746075D8601857 /* StockItemDetail.storyboard in Resources */ = {isa = PBXBuildFile; fileRef = F6DE89F6C6784A3DB0241F77 /* StockItemDetail.storyboard */; };
		4E384FBF2C620DE100142E6B /* SearchCell.xib in Resources */ = {isa = PBXBuildFile; fileRef = 4E384FBE2C620DE100142E6B /* SearchCell.xib */; };
		5075829B184752E197D79D4B /* CustomTextField.swift in Sources */ = {isa = PBXBuildFile; fileRef = 0461DED0806F33DD3573FABC /* CustomTextField.swift */; };
		52CDB7ED9ECDAC99B01A88F2 /* ExpirationListViewModel.swift in Sources */ = {isa = PBXBuildFile; fileRef = 197082D223C1F1337D5AC15C /* ExpirationListViewModel.swift */; };
		54C6545308D665136380B35F /* Search.storyboard in Resources */ = {isa = PBXBuildFile; fileRef = 5664B72B55A1A228E4C36D5D /* Search.storyboard */; };
		55FEEFD2AB4DB5E9F5489DB9 /* StockCategoryCell.swift in Sources */ = {isa = PBXBuildFile; fileRef = 1C86F585662CACF562CACFBD /* StockCategoryCell.swift */; };
		5A15D60A0E0662DC739BC11F /* ExpirationListVC.swift in Sources */ = {isa = PBXBuildFile; fileRef = B75DEBAF8FFC6FAED72577AB /* ExpirationListVC.swift */; };
		613A59DB2935C10B1420E284 /* StockDetailVC.swift in Sources */ = {isa = PBXBuildFile; fileRef = D31A8C61EA8BEFC6597E741A /* StockDetailVC.swift */; };
		681F33BB74B0C37858F3D9AA /* TuistAssets+PyeonDuck.swift in Sources */ = {isa = PBXBuildFile; fileRef = 03A29005E339AE858F8984EA /* TuistAssets+PyeonDuck.swift */; };
		8174E2DD41E5F49F5A9843A8 /* CustomButton.swift in Sources */ = {isa = PBXBuildFile; fileRef = D20CC8ADB7E05A974B9B4C20 /* CustomButton.swift */; };
		96BE80026EC3A8D9DABA36D8 /* HapticManager.swift in Sources */ = {isa = PBXBuildFile; fileRef = 9D3EC80A9EC6D566A7C2505D /* HapticManager.swift */; };
		9A1C47DFD8C8EE85DD2A7ACE /* Main.storyboard in Resources */ = {isa = PBXBuildFile; fileRef = 5BB355B86C0951E6E345C6FF /* Main.storyboard */; };
		9F10545C193689AEA3BD213F /* Action.swift in Sources */ = {isa = PBXBuildFile; fileRef = 2E74D4FAB4BFADF4B4E4A1E6 /* Action.swift */; };
		A348F69EF14B3A727ADB244A /* Model.xcdatamodeld in Sources */ = {isa = PBXBuildFile; fileRef = AE27030F401AFA030F629860 /* Model.xcdatamodeld */; };
		A7FF88EC63A4492E24EE9782 /* CustomStackView.swift in Sources */ = {isa = PBXBuildFile; fileRef = 0682BED964879588F01485DA /* CustomStackView.swift */; };
		ACFC8FBA6B7DF8BB383A9729 /* TabBarController.swift in Sources */ = {isa = PBXBuildFile; fileRef = FA93E767D6D9BDFCC4572EA7 /* TabBarController.swift */; };
		B14DB0BFABCD44E042754F9B /* CoreDataService.swift in Sources */ = {isa = PBXBuildFile; fileRef = 6278A03B69E54AEE1D53C520 /* CoreDataService.swift */; };
		B1FE2302E6FFA02B898B4969 /* StockCategoryCell.xib in Resources */ = {isa = PBXBuildFile; fileRef = 3A3C55B1EE69A32B3465AA3B /* StockCategoryCell.xib */; };
		B635D17FE85BCAD88C3CA597 /* StockCategoryCreate.storyboard in Resources */ = {isa = PBXBuildFile; fileRef = DFE4F92555C6377B551334AC /* StockCategoryCreate.storyboard */; };
		B8D587645671C387D02B2D2E /* ExpirationCreate.storyboard in Resources */ = {isa = PBXBuildFile; fileRef = 243D6F6BC6507291F3037359 /* ExpirationCreate.storyboard */; };
		B91C4C66FA8B8864CA0EA7CA /* SSTService.swift in Sources */ = {isa = PBXBuildFile; fileRef = AA9E660A9F5E874A16907C23 /* SSTService.swift */; };
		BBC56AFDA697B32DB894E5EC /* AppAppearance.swift in Sources */ = {isa = PBXBuildFile; fileRef = 58D9EAE827BB659CCE4CEC7A /* AppAppearance.swift */; };
		BDB08DC00B5AC2291263727D /* ExpirationCell.xib in Resources */ = {isa = PBXBuildFile; fileRef = AF216B1CE18987AA4DF09BB6 /* ExpirationCell.xib */; };
		C381BD4B946361F34962CD30 /* StockCategoryVC.swift in Sources */ = {isa = PBXBuildFile; fileRef = 2115BC02ECD520DA5B43A20E /* StockCategoryVC.swift */; };
		C779F1AFAB932966837BA43A /* CustomLabel.swift in Sources */ = {isa = PBXBuildFile; fileRef = A57914C753F907FDA89E29A2 /* CustomLabel.swift */; };
		CF3F9EA13535BFDD914B7F98 /* TuistBundle+PyeonDuck.swift in Sources */ = {isa = PBXBuildFile; fileRef = C5C937EA2C244AD36EE1BD7C /* TuistBundle+PyeonDuck.swift */; };
		D7498AA6776769013D329B99 /* ExpirationDetailVC.swift in Sources */ = {isa = PBXBuildFile; fileRef = 6FE0A3D7062F61D953C20FE4 /* ExpirationDetailVC.swift */; };
		EE1744ED6A6C626BC7E04FC6 /* ExpirationDetailViewModel.swift in Sources */ = {isa = PBXBuildFile; fileRef = 16C0A37DFF867209356D2395 /* ExpirationDetailViewModel.swift */; };
		F1B9B83AFA8356A461950F38 /* ExpirationDateCreateViewModel.swift in Sources */ = {isa = PBXBuildFile; fileRef = BA59FC2F15E673FDDEAE1780 /* ExpirationDateCreateViewModel.swift */; };
		F24866AEAA3F7D01C6B88899 /* StockCategory.storyboard in Resources */ = {isa = PBXBuildFile; fileRef = DCD2011A5E9DF5EAAD50519A /* StockCategory.storyboard */; };
		F3509B262E92D7C0C24E1B68 /* StockCreateViewModel.swift in Sources */ = {isa = PBXBuildFile; fileRef = E95900D4C6357DB790B1EEFF /* StockCreateViewModel.swift */; };
		F7CDE89EA2B12BAE2EE94AA6 /* AppDelegate.swift in Sources */ = {isa = PBXBuildFile; fileRef = 55A98E8E5E63F254DEBF0703 /* AppDelegate.swift */; };
		FAC696D1EC35A0729676DF98 /* ExpirationDetail.storyboard in Resources */ = {isa = PBXBuildFile; fileRef = 9D7520FA8278D989B82EC460 /* ExpirationDetail.storyboard */; };
		FC26CEA1B61A5663ADB7A14E /* StockItemCreate.storyboard in Resources */ = {isa = PBXBuildFile; fileRef = 2A36884F7991EE7BBC059140 /* StockItemCreate.storyboard */; };
		FD66DF3711F110D791D4C44B /* ExpirationReadVC.swift in Sources */ = {isa = PBXBuildFile; fileRef = 7EAC13E377702668E8347F0E /* ExpirationReadVC.swift */; };
		FF8D47BA0720E3FD64016D5E /* ExpirationRead.storyboard in Resources */ = {isa = PBXBuildFile; fileRef = 66176AAEA5F4D2FC00F5161A /* ExpirationRead.storyboard */; };
/* End PBXBuildFile section */

/* Begin PBXContainerItemProxy section */
		3168F1019AAB657D2A3694E0 /* PBXContainerItemProxy */ = {
			isa = PBXContainerItemProxy;
			containerPortal = B1CEC94EE531F3E798F05E7A /* Project object */;
			proxyType = 1;
			remoteGlobalIDString = D9F44E65F998251F834C6A7A;
			remoteInfo = "Pyeon-Duck";
		};
/* End PBXContainerItemProxy section */

/* Begin PBXCopyFilesBuildPhase section */
		F4935B7B34B3FA28B40B8504 /* Embed Frameworks */ = {
			isa = PBXCopyFilesBuildPhase;
			buildActionMask = 2147483647;
			dstPath = "";
			dstSubfolderSpec = 10;
			files = (
			);
			name = "Embed Frameworks";
			runOnlyForDeploymentPostprocessing = 0;
		};
		FCE3532C55B9F08A8D44433A /* Embed Frameworks */ = {
			isa = PBXCopyFilesBuildPhase;
			buildActionMask = 2147483647;
			dstPath = "";
			dstSubfolderSpec = 10;
			files = (
			);
			name = "Embed Frameworks";
			runOnlyForDeploymentPostprocessing = 0;
		};
/* End PBXCopyFilesBuildPhase section */

/* Begin PBXFileReference section */
		027754BE8D359088BE40FB26 /* Info.plist */ = {isa = PBXFileReference; lastKnownFileType = text.plist; path = Info.plist; sourceTree = "<group>"; };
		03A29005E339AE858F8984EA /* TuistAssets+PyeonDuck.swift */ = {isa = PBXFileReference; lastKnownFileType = sourcecode.swift; path = "TuistAssets+PyeonDuck.swift"; sourceTree = "<group>"; };
		0461DED0806F33DD3573FABC /* CustomTextField.swift */ = {isa = PBXFileReference; lastKnownFileType = sourcecode.swift; path = CustomTextField.swift; sourceTree = "<group>"; };
		0682BED964879588F01485DA /* CustomStackView.swift */ = {isa = PBXFileReference; lastKnownFileType = sourcecode.swift; path = CustomStackView.swift; sourceTree = "<group>"; };
		0710F3B35D152F5B65A9514A /* ExpirationCreateVC.swift */ = {isa = PBXFileReference; lastKnownFileType = sourcecode.swift; path = ExpirationCreateVC.swift; sourceTree = "<group>"; };
		1372BCBD95C95742D398849D /* StockCreateVC.swift */ = {isa = PBXFileReference; lastKnownFileType = sourcecode.swift; path = StockCreateVC.swift; sourceTree = "<group>"; };
		16C0A37DFF867209356D2395 /* ExpirationDetailViewModel.swift */ = {isa = PBXFileReference; lastKnownFileType = sourcecode.swift; path = ExpirationDetailViewModel.swift; sourceTree = "<group>"; };
		197082D223C1F1337D5AC15C /* ExpirationListViewModel.swift */ = {isa = PBXFileReference; lastKnownFileType = sourcecode.swift; path = ExpirationListViewModel.swift; sourceTree = "<group>"; };
		1C86F585662CACF562CACFBD /* StockCategoryCell.swift */ = {isa = PBXFileReference; lastKnownFileType = sourcecode.swift; path = StockCategoryCell.swift; sourceTree = "<group>"; };
		1E4109FF2F6A61B497A318F0 /* StockDetailViewModel.swift */ = {isa = PBXFileReference; lastKnownFileType = sourcecode.swift; path = StockDetailViewModel.swift; sourceTree = "<group>"; };
		2115BC02ECD520DA5B43A20E /* StockCategoryVC.swift */ = {isa = PBXFileReference; lastKnownFileType = sourcecode.swift; path = StockCategoryVC.swift; sourceTree = "<group>"; };
		23F2E4566277044E8E0BFD6A /* CustomTableView.swift */ = {isa = PBXFileReference; lastKnownFileType = sourcecode.swift; path = CustomTableView.swift; sourceTree = "<group>"; };
		243D6F6BC6507291F3037359 /* ExpirationCreate.storyboard */ = {isa = PBXFileReference; lastKnownFileType = file.storyboard; path = ExpirationCreate.storyboard; sourceTree = "<group>"; };
		2A36884F7991EE7BBC059140 /* StockItemCreate.storyboard */ = {isa = PBXFileReference; lastKnownFileType = file.storyboard; path = StockItemCreate.storyboard; sourceTree = "<group>"; };
		2E74D4FAB4BFADF4B4E4A1E6 /* Action.swift */ = {isa = PBXFileReference; lastKnownFileType = sourcecode.swift; path = Action.swift; sourceTree = "<group>"; };
		3106D58AECEDE02AC1BBF125 /* Pyeon_Duck.app */ = {isa = PBXFileReference; explicitFileType = wrapper.application; includeInIndex = 0; path = Pyeon_Duck.app; sourceTree = BUILT_PRODUCTS_DIR; };
		3A3C55B1EE69A32B3465AA3B /* StockCategoryCell.xib */ = {isa = PBXFileReference; lastKnownFileType = file.xib; path = StockCategoryCell.xib; sourceTree = "<group>"; };
		412407031BB4241B180C8F99 /* Pyeon_DuckTests.xctest */ = {isa = PBXFileReference; explicitFileType = wrapper.cfbundle; includeInIndex = 0; path = Pyeon_DuckTests.xctest; sourceTree = BUILT_PRODUCTS_DIR; };
		49826E59FE142FB88745971B /* StockItemViewModel.swift */ = {isa = PBXFileReference; lastKnownFileType = sourcecode.swift; path = StockItemViewModel.swift; sourceTree = "<group>"; };
		4C4E0ED827F6F81E5D9C4023 /* StockItemCell.swift */ = {isa = PBXFileReference; lastKnownFileType = sourcecode.swift; path = StockItemCell.swift; sourceTree = "<group>"; };
		4E384FBE2C620DE100142E6B /* SearchCell.xib */ = {isa = PBXFileReference; lastKnownFileType = file.xib; path = SearchCell.xib; sourceTree = "<group>"; };
		5525E49FC77BB66F158D9CFE /* CustomImageView.swift */ = {isa = PBXFileReference; lastKnownFileType = sourcecode.swift; path = CustomImageView.swift; sourceTree = "<group>"; };
		55A98E8E5E63F254DEBF0703 /* AppDelegate.swift */ = {isa = PBXFileReference; lastKnownFileType = sourcecode.swift; path = AppDelegate.swift; sourceTree = "<group>"; };
		5664B72B55A1A228E4C36D5D /* Search.storyboard */ = {isa = PBXFileReference; lastKnownFileType = file.storyboard; path = Search.storyboard; sourceTree = "<group>"; };
		58D9EAE827BB659CCE4CEC7A /* AppAppearance.swift */ = {isa = PBXFileReference; lastKnownFileType = sourcecode.swift; path = AppAppearance.swift; sourceTree = "<group>"; };
		59180F8756EE222A0EFE8027 /* StockItemVC.swift */ = {isa = PBXFileReference; lastKnownFileType = sourcecode.swift; path = StockItemVC.swift; sourceTree = "<group>"; };
		6278A03B69E54AEE1D53C520 /* CoreDataService.swift */ = {isa = PBXFileReference; lastKnownFileType = sourcecode.swift; path = CoreDataService.swift; sourceTree = "<group>"; };
		66176AAEA5F4D2FC00F5161A /* ExpirationRead.storyboard */ = {isa = PBXFileReference; lastKnownFileType = file.storyboard; path = ExpirationRead.storyboard; sourceTree = "<group>"; };
		680BA7AF786BB9556BCD28DF /* STTAlert.storyboard */ = {isa = PBXFileReference; lastKnownFileType = file.storyboard; path = STTAlert.storyboard; sourceTree = "<group>"; };
		68964F233C32922541C4FE41 /* StockItemCell.xib */ = {isa = PBXFileReference; lastKnownFileType = file.xib; path = StockItemCell.xib; sourceTree = "<group>"; };
		6FE0A3D7062F61D953C20FE4 /* ExpirationDetailVC.swift */ = {isa = PBXFileReference; lastKnownFileType = sourcecode.swift; path = ExpirationDetailVC.swift; sourceTree = "<group>"; };
		76A0C483819897C2C5C005E3 /* Base */ = {isa = PBXFileReference; lastKnownFileType = file.storyboard; name = Base; path = Base.lproj/LaunchScreen.storyboard; sourceTree = "<group>"; };
		7B7B2C91CC3592535273A5E9 /* StockItem.storyboard */ = {isa = PBXFileReference; lastKnownFileType = file.storyboard; path = StockItem.storyboard; sourceTree = "<group>"; };
		7EAC13E377702668E8347F0E /* ExpirationReadVC.swift */ = {isa = PBXFileReference; lastKnownFileType = sourcecode.swift; path = ExpirationReadVC.swift; sourceTree = "<group>"; };
		8270155064223CDAD306A2F1 /* Base */ = {isa = PBXFileReference; lastKnownFileType = file.storyboard; name = Base; path = Base.lproj/Main.storyboard; sourceTree = "<group>"; };
		9542204E458FB0E0AD49BB07 /* ExpirationCalendarViewModel.swift */ = {isa = PBXFileReference; lastKnownFileType = sourcecode.swift; path = ExpirationCalendarViewModel.swift; sourceTree = "<group>"; };
		9D3EC80A9EC6D566A7C2505D /* HapticManager.swift */ = {isa = PBXFileReference; lastKnownFileType = sourcecode.swift; path = HapticManager.swift; sourceTree = "<group>"; };
		9D7520FA8278D989B82EC460 /* ExpirationDetail.storyboard */ = {isa = PBXFileReference; lastKnownFileType = file.storyboard; path = ExpirationDetail.storyboard; sourceTree = "<group>"; };
		9F01683706336C7B8FEE6D86 /* Model.xcdatamodel */ = {isa = PBXFileReference; lastKnownFileType = wrapper.xcdatamodel; path = Model.xcdatamodel; sourceTree = "<group>"; };
		A30FBC6378BCB0D3775E4570 /* CalenderService.swift */ = {isa = PBXFileReference; lastKnownFileType = sourcecode.swift; path = CalenderService.swift; sourceTree = "<group>"; };
		A355ED6E72CF3E2A48619DF8 /* ExpirationListCell.swift */ = {isa = PBXFileReference; lastKnownFileType = sourcecode.swift; path = ExpirationListCell.swift; sourceTree = "<group>"; };
		A3735C32B04255F909C52A3D /* StockCategoryViewModel.swift */ = {isa = PBXFileReference; lastKnownFileType = sourcecode.swift; path = StockCategoryViewModel.swift; sourceTree = "<group>"; };
		A57914C753F907FDA89E29A2 /* CustomLabel.swift */ = {isa = PBXFileReference; lastKnownFileType = sourcecode.swift; path = CustomLabel.swift; sourceTree = "<group>"; };
		A89237DC8D4CF6F96662123C /* SceneDelegate.swift */ = {isa = PBXFileReference; lastKnownFileType = sourcecode.swift; path = SceneDelegate.swift; sourceTree = "<group>"; };
		AA9E660A9F5E874A16907C23 /* SSTService.swift */ = {isa = PBXFileReference; lastKnownFileType = sourcecode.swift; path = SSTService.swift; sourceTree = "<group>"; };
		AF216B1CE18987AA4DF09BB6 /* ExpirationCell.xib */ = {isa = PBXFileReference; lastKnownFileType = file.xib; path = ExpirationCell.xib; sourceTree = "<group>"; };
		B75DEBAF8FFC6FAED72577AB /* ExpirationListVC.swift */ = {isa = PBXFileReference; lastKnownFileType = sourcecode.swift; path = ExpirationListVC.swift; sourceTree = "<group>"; };
		BA59FC2F15E673FDDEAE1780 /* ExpirationDateCreateViewModel.swift */ = {isa = PBXFileReference; lastKnownFileType = sourcecode.swift; path = ExpirationDateCreateViewModel.swift; sourceTree = "<group>"; };
		BC9D24819F8A043430E6BF28 /* Pyeon-Duck.xcconfig */ = {isa = PBXFileReference; lastKnownFileType = text.xcconfig; path = "Pyeon-Duck.xcconfig"; sourceTree = "<group>"; };
		C5C937EA2C244AD36EE1BD7C /* TuistBundle+PyeonDuck.swift */ = {isa = PBXFileReference; lastKnownFileType = sourcecode.swift; path = "TuistBundle+PyeonDuck.swift"; sourceTree = "<group>"; };
		D13DFB8BFEBE896605808AB2 /* DataManager.swift */ = {isa = PBXFileReference; lastKnownFileType = sourcecode.swift; path = DataManager.swift; sourceTree = "<group>"; };
		D20CC8ADB7E05A974B9B4C20 /* CustomButton.swift */ = {isa = PBXFileReference; lastKnownFileType = sourcecode.swift; path = CustomButton.swift; sourceTree = "<group>"; };
		D31A8C61EA8BEFC6597E741A /* StockDetailVC.swift */ = {isa = PBXFileReference; lastKnownFileType = sourcecode.swift; path = StockDetailVC.swift; sourceTree = "<group>"; };
		D8CAD28ADD40C70F1CD2D6F3 /* Assets.xcassets */ = {isa = PBXFileReference; lastKnownFileType = folder.assetcatalog; path = Assets.xcassets; sourceTree = "<group>"; };
		DCD2011A5E9DF5EAAD50519A /* StockCategory.storyboard */ = {isa = PBXFileReference; lastKnownFileType = file.storyboard; path = StockCategory.storyboard; sourceTree = "<group>"; };
		DFE4F92555C6377B551334AC /* StockCategoryCreate.storyboard */ = {isa = PBXFileReference; lastKnownFileType = file.storyboard; path = StockCategoryCreate.storyboard; sourceTree = "<group>"; };
		E95900D4C6357DB790B1EEFF /* StockCreateViewModel.swift */ = {isa = PBXFileReference; lastKnownFileType = sourcecode.swift; path = StockCreateViewModel.swift; sourceTree = "<group>"; };
		F6DE89F6C6784A3DB0241F77 /* StockItemDetail.storyboard */ = {isa = PBXFileReference; lastKnownFileType = file.storyboard; path = StockItemDetail.storyboard; sourceTree = "<group>"; };
		F895D9872EB302F3E6220F3C /* SalaryViewModel.swift */ = {isa = PBXFileReference; lastKnownFileType = sourcecode.swift; path = SalaryViewModel.swift; sourceTree = "<group>"; };
		FA93E767D6D9BDFCC4572EA7 /* TabBarController.swift */ = {isa = PBXFileReference; lastKnownFileType = sourcecode.swift; path = TabBarController.swift; sourceTree = "<group>"; };
/* End PBXFileReference section */

/* Begin PBXFrameworksBuildPhase section */
		B85A68EB88B51C19DF113AAD /* Frameworks */ = {
			isa = PBXFrameworksBuildPhase;
			buildActionMask = 2147483647;
			files = (
			);
			runOnlyForDeploymentPostprocessing = 0;
		};
		D2DA094ED6719299DB53FD6A /* Frameworks */ = {
			isa = PBXFrameworksBuildPhase;
			buildActionMask = 2147483647;
			files = (
			);
			runOnlyForDeploymentPostprocessing = 0;
		};
/* End PBXFrameworksBuildPhase section */

/* Begin PBXGroup section */
		0EC07749D96BC4246F72CCC1 /* Configs */ = {
			isa = PBXGroup;
			children = (
				027754BE8D359088BE40FB26 /* Info.plist */,
				BC9D24819F8A043430E6BF28 /* Pyeon-Duck.xcconfig */,
			);
			path = Configs;
			sourceTree = "<group>";
		};
		13CE39081AF6B8345B15213E /* Cells */ = {
			isa = PBXGroup;
			children = (
				A355ED6E72CF3E2A48619DF8 /* ExpirationListCell.swift */,
				1C86F585662CACF562CACFBD /* StockCategoryCell.swift */,
				4C4E0ED827F6F81E5D9C4023 /* StockItemCell.swift */,
			);
			path = Cells;
			sourceTree = "<group>";
		};
		16DA8B33C035265AECD3FA36 /* Resources */ = {
			isa = PBXGroup;
			children = (
				75B14F49F74932BA53AC614D /* Cells */,
				D9B6E4158E0BACC6915BAC2D /* LaunchScreen.storyboard */,
				E1A2A263E5BD5749796E486B /* StoryBoards */,
				D8CAD28ADD40C70F1CD2D6F3 /* Assets.xcassets */,
			);
			path = Resources;
			sourceTree = "<group>";
		};
		21B49BECD4A3DE6D8550C636 /* Derived */ = {
			isa = PBXGroup;
			children = (
				743DD3E021ACB44A8D2BAC7B /* Sources */,
			);
			path = Derived;
			sourceTree = "<group>";
		};
		236D79FC30625F7A2C38AF84 /* Stocks */ = {
			isa = PBXGroup;
			children = (
				2115BC02ECD520DA5B43A20E /* StockCategoryVC.swift */,
				1372BCBD95C95742D398849D /* StockCreateVC.swift */,
				D31A8C61EA8BEFC6597E741A /* StockDetailVC.swift */,
				59180F8756EE222A0EFE8027 /* StockItemVC.swift */,
			);
			path = Stocks;
			sourceTree = "<group>";
		};
		315A40A2D9AA3821FDC7A7A4 /* ViewModels */ = {
			isa = PBXGroup;
			children = (
				889E5FCFAA96011CF9C87BE4 /* Expiration */,
				68BFE06A676FA54A5C0A746A /* Salary */,
				42396762BBEA872611A32F2A /* Stock */,
			);
			path = ViewModels;
			sourceTree = "<group>";
		};
		32F7D1B3E53254DC48DEA194 /* Delegates */ = {
			isa = PBXGroup;
			children = (
				55A98E8E5E63F254DEBF0703 /* AppDelegate.swift */,
				A89237DC8D4CF6F96662123C /* SceneDelegate.swift */,
			);
			path = Delegates;
			sourceTree = "<group>";
		};
		42396762BBEA872611A32F2A /* Stock */ = {
			isa = PBXGroup;
			children = (
				A3735C32B04255F909C52A3D /* StockCategoryViewModel.swift */,
				E95900D4C6357DB790B1EEFF /* StockCreateViewModel.swift */,
				1E4109FF2F6A61B497A318F0 /* StockDetailViewModel.swift */,
				49826E59FE142FB88745971B /* StockItemViewModel.swift */,
			);
			path = Stock;
			sourceTree = "<group>";
		};
		4E384FBD2C620DBE00142E6B /* Searchs */ = {
			isa = PBXGroup;
			children = (
				5664B72B55A1A228E4C36D5D /* Search.storyboard */,
			);
			path = Searchs;
			sourceTree = "<group>";
		};
		51697C51C27B5EE7CB9491FB /* Subcomponents */ = {
			isa = PBXGroup;
			children = (
				D20CC8ADB7E05A974B9B4C20 /* CustomButton.swift */,
				5525E49FC77BB66F158D9CFE /* CustomImageView.swift */,
				A57914C753F907FDA89E29A2 /* CustomLabel.swift */,
				0682BED964879588F01485DA /* CustomStackView.swift */,
				23F2E4566277044E8E0BFD6A /* CustomTableView.swift */,
				0461DED0806F33DD3573FABC /* CustomTextField.swift */,
			);
			path = Subcomponents;
			sourceTree = "<group>";
		};
		5A3A047BCE852E3EEE45AD30 = {
			isa = PBXGroup;
			children = (
				AFFF844D67D5304612EEBB76 /* Project */,
				FA49939BBA1F56F5B0BFF612 /* Products */,
			);
			sourceTree = "<group>";
		};
		685CDADFBE146A28DE0CD3F8 /* Tabbar */ = {
			isa = PBXGroup;
			children = (
				FA93E767D6D9BDFCC4572EA7 /* TabBarController.swift */,
			);
			path = Tabbar;
			sourceTree = "<group>";
		};
		68BFE06A676FA54A5C0A746A /* Salary */ = {
			isa = PBXGroup;
			children = (
				F895D9872EB302F3E6220F3C /* SalaryViewModel.swift */,
			);
			path = Salary;
			sourceTree = "<group>";
		};
		7285D64D6F7339A2873E2084 /* Models */ = {
			isa = PBXGroup;
			children = (
				7F83892AC7A85C65EF2B348B /* Manager */,
				AE27030F401AFA030F629860 /* Model.xcdatamodeld */,
				8544FBAA93782AF29A2F54AA /* Services */,
			);
			path = Models;
			sourceTree = "<group>";
		};
		743DD3E021ACB44A8D2BAC7B /* Sources */ = {
			isa = PBXGroup;
			children = (
				03A29005E339AE858F8984EA /* TuistAssets+PyeonDuck.swift */,
				C5C937EA2C244AD36EE1BD7C /* TuistBundle+PyeonDuck.swift */,
			);
			path = Sources;
			sourceTree = "<group>";
		};
		75B14F49F74932BA53AC614D /* Cells */ = {
			isa = PBXGroup;
			children = (
				AF216B1CE18987AA4DF09BB6 /* ExpirationCell.xib */,
				3A3C55B1EE69A32B3465AA3B /* StockCategoryCell.xib */,
				68964F233C32922541C4FE41 /* StockItemCell.xib */,
				4E384FBE2C620DE100142E6B /* SearchCell.xib */,
			);
			path = Cells;
			sourceTree = "<group>";
		};
		76EF4E46B2F65618C6951E1A /* Views */ = {
			isa = PBXGroup;
			children = (
				13CE39081AF6B8345B15213E /* Cells */,
				F78A5DD4388C664258B15E1D /* Expirations */,
				236D79FC30625F7A2C38AF84 /* Stocks */,
				51697C51C27B5EE7CB9491FB /* Subcomponents */,
				685CDADFBE146A28DE0CD3F8 /* Tabbar */,
			);
			path = Views;
			sourceTree = "<group>";
		};
		7F83892AC7A85C65EF2B348B /* Manager */ = {
			isa = PBXGroup;
			children = (
				D13DFB8BFEBE896605808AB2 /* DataManager.swift */,
				9D3EC80A9EC6D566A7C2505D /* HapticManager.swift */,
			);
			path = Manager;
			sourceTree = "<group>";
		};
		8544FBAA93782AF29A2F54AA /* Services */ = {
			isa = PBXGroup;
			children = (
				A30FBC6378BCB0D3775E4570 /* CalenderService.swift */,
				6278A03B69E54AEE1D53C520 /* CoreDataService.swift */,
				AA9E660A9F5E874A16907C23 /* SSTService.swift */,
			);
			path = Services;
			sourceTree = "<group>";
		};
		86C860D44540391B6C5D6478 /* Expirations */ = {
			isa = PBXGroup;
			children = (
				66176AAEA5F4D2FC00F5161A /* ExpirationRead.storyboard */,
				243D6F6BC6507291F3037359 /* ExpirationCreate.storyboard */,
				9D7520FA8278D989B82EC460 /* ExpirationDetail.storyboard */,
			);
			path = Expirations;
			sourceTree = "<group>";
		};
		889E5FCFAA96011CF9C87BE4 /* Expiration */ = {
			isa = PBXGroup;
			children = (
				9542204E458FB0E0AD49BB07 /* ExpirationCalendarViewModel.swift */,
				BA59FC2F15E673FDDEAE1780 /* ExpirationDateCreateViewModel.swift */,
				16C0A37DFF867209356D2395 /* ExpirationDetailViewModel.swift */,
				197082D223C1F1337D5AC15C /* ExpirationListViewModel.swift */,
			);
			path = Expiration;
			sourceTree = "<group>";
		};
		9057EAFC56067E70FB46FDAF /* Stocks-Category */ = {
			isa = PBXGroup;
			children = (
				DCD2011A5E9DF5EAAD50519A /* StockCategory.storyboard */,
				DFE4F92555C6377B551334AC /* StockCategoryCreate.storyboard */,
			);
			path = "Stocks-Category";
			sourceTree = "<group>";
		};
		983B7176D75803B63BBB65A8 /* Pyeon-Duck */ = {
			isa = PBXGroup;
			children = (
				16DA8B33C035265AECD3FA36 /* Resources */,
				DC385B5FD6E70B9BEC3DE40A /* Sources */,
			);
			path = "Pyeon-Duck";
			sourceTree = "<group>";
		};
		AFFF844D67D5304612EEBB76 /* Project */ = {
			isa = PBXGroup;
			children = (
				0EC07749D96BC4246F72CCC1 /* Configs */,
				21B49BECD4A3DE6D8550C636 /* Derived */,
				983B7176D75803B63BBB65A8 /* Pyeon-Duck */,
			);
			name = Project;
			sourceTree = "<group>";
		};
		D1C06FAC716936AFC442E2D5 /* Stock-Item */ = {
			isa = PBXGroup;
			children = (
				7B7B2C91CC3592535273A5E9 /* StockItem.storyboard */,
				2A36884F7991EE7BBC059140 /* StockItemCreate.storyboard */,
				F6DE89F6C6784A3DB0241F77 /* StockItemDetail.storyboard */,
			);
			path = "Stock-Item";
			sourceTree = "<group>";
		};
		DC385B5FD6E70B9BEC3DE40A /* Sources */ = {
			isa = PBXGroup;
			children = (
				32F7D1B3E53254DC48DEA194 /* Delegates */,
				E56D276789CF79FEAFE0277C /* Helpers */,
				7285D64D6F7339A2873E2084 /* Models */,
				315A40A2D9AA3821FDC7A7A4 /* ViewModels */,
				76EF4E46B2F65618C6951E1A /* Views */,
			);
			path = Sources;
			sourceTree = "<group>";
		};
		E1A2A263E5BD5749796E486B /* StoryBoards */ = {
			isa = PBXGroup;
			children = (
				86C860D44540391B6C5D6478 /* Expirations */,
				5BB355B86C0951E6E345C6FF /* Main.storyboard */,
				D1C06FAC716936AFC442E2D5 /* Stock-Item */,
				9057EAFC56067E70FB46FDAF /* Stocks-Category */,
				4E384FBD2C620DBE00142E6B /* Searchs */,
				680BA7AF786BB9556BCD28DF /* STTAlert.storyboard */,
			);
			path = StoryBoards;
			sourceTree = "<group>";
		};
		E56D276789CF79FEAFE0277C /* Helpers */ = {
			isa = PBXGroup;
			children = (
				2E74D4FAB4BFADF4B4E4A1E6 /* Action.swift */,
				58D9EAE827BB659CCE4CEC7A /* AppAppearance.swift */,
			);
			path = Helpers;
			sourceTree = "<group>";
		};
		F78A5DD4388C664258B15E1D /* Expirations */ = {
			isa = PBXGroup;
			children = (
				7EAC13E377702668E8347F0E /* ExpirationReadVC.swift */,
				0710F3B35D152F5B65A9514A /* ExpirationCreateVC.swift */,
				6FE0A3D7062F61D953C20FE4 /* ExpirationDetailVC.swift */,
				B75DEBAF8FFC6FAED72577AB /* ExpirationListVC.swift */,
			);
			path = Expirations;
			sourceTree = "<group>";
		};
		FA49939BBA1F56F5B0BFF612 /* Products */ = {
			isa = PBXGroup;
			children = (
				3106D58AECEDE02AC1BBF125 /* Pyeon_Duck.app */,
				412407031BB4241B180C8F99 /* Pyeon_DuckTests.xctest */,
			);
			name = Products;
			sourceTree = "<group>";
		};
/* End PBXGroup section */

/* Begin PBXNativeTarget section */
		31A9C52752F9005BDD433C0D /* Pyeon-DuckTests */ = {
			isa = PBXNativeTarget;
			buildConfigurationList = 0522C41C8309EE55060AB2E6 /* Build configuration list for PBXNativeTarget "Pyeon-DuckTests" */;
			buildPhases = (
				E85AE0AB222A256B29DF922B /* Sources */,
				676700D58E51FE9FDABBCE7E /* Resources */,
				F4935B7B34B3FA28B40B8504 /* Embed Frameworks */,
				D2DA094ED6719299DB53FD6A /* Frameworks */,
			);
			buildRules = (
			);
			dependencies = (
				8D227D6B36C80F681B185A1B /* PBXTargetDependency */,
			);
			name = "Pyeon-DuckTests";
			productName = Pyeon_DuckTests;
			productReference = 412407031BB4241B180C8F99 /* Pyeon_DuckTests.xctest */;
			productType = "com.apple.product-type.bundle.unit-test";
		};
		D9F44E65F998251F834C6A7A /* Pyeon-Duck */ = {
			isa = PBXNativeTarget;
			buildConfigurationList = 9BF7E7E0DC863C4D381A4056 /* Build configuration list for PBXNativeTarget "Pyeon-Duck" */;
			buildPhases = (
				FA9EF258197DCEABA39D01CB /* Sources */,
				0CFC91A6E17C0A114148A10D /* Resources */,
				FCE3532C55B9F08A8D44433A /* Embed Frameworks */,
				B85A68EB88B51C19DF113AAD /* Frameworks */,
			);
			buildRules = (
			);
			dependencies = (
			);
			name = "Pyeon-Duck";
			productName = Pyeon_Duck;
			productReference = 3106D58AECEDE02AC1BBF125 /* Pyeon_Duck.app */;
			productType = "com.apple.product-type.application";
		};
/* End PBXNativeTarget section */

/* Begin PBXProject section */
		B1CEC94EE531F3E798F05E7A /* Project object */ = {
			isa = PBXProject;
			attributes = {
				BuildIndependentTargetsInParallel = YES;
				TargetAttributes = {
					31A9C52752F9005BDD433C0D = {
						TestTargetID = D9F44E65F998251F834C6A7A;
					};
				};
			};
			buildConfigurationList = D3A2A4E2C8CE7DB81AD70152 /* Build configuration list for PBXProject "Pyeon-Duck" */;
			compatibilityVersion = "Xcode 14.0";
			developmentRegion = en;
			hasScannedForEncodings = 0;
			knownRegions = (
				Base,
				en,
			);
			mainGroup = 5A3A047BCE852E3EEE45AD30;
			productRefGroup = FA49939BBA1F56F5B0BFF612 /* Products */;
			projectDirPath = "";
			projectRoot = "";
			targets = (
				D9F44E65F998251F834C6A7A /* Pyeon-Duck */,
				31A9C52752F9005BDD433C0D /* Pyeon-DuckTests */,
			);
		};
/* End PBXProject section */

/* Begin PBXResourcesBuildPhase section */
		0CFC91A6E17C0A114148A10D /* Resources */ = {
			isa = PBXResourcesBuildPhase;
			buildActionMask = 2147483647;
			files = (
				3A56EB425CC3E8577B4FAB6C /* Assets.xcassets in Resources */,
				11268AD163FCDAA230898B71 /* LaunchScreen.storyboard in Resources */,
				BDB08DC00B5AC2291263727D /* ExpirationCell.xib in Resources */,
				B1FE2302E6FFA02B898B4969 /* StockCategoryCell.xib in Resources */,
				2744DBFFC3258A9501306649 /* StockItemCell.xib in Resources */,
				4E384FBF2C620DE100142E6B /* SearchCell.xib in Resources */,
				9A1C47DFD8C8EE85DD2A7ACE /* Main.storyboard in Resources */,
				FF8D47BA0720E3FD64016D5E /* ExpirationRead.storyboard in Resources */,
				B8D587645671C387D02B2D2E /* ExpirationCreate.storyboard in Resources */,
				FAC696D1EC35A0729676DF98 /* ExpirationDetail.storyboard in Resources */,
				39EEE166B1394382E4FFBACB /* STTAlert.storyboard in Resources */,
				54C6545308D665136380B35F /* Search.storyboard in Resources */,
				25FEC7399D0773A830392FEE /* StockItem.storyboard in Resources */,
				FC26CEA1B61A5663ADB7A14E /* StockItemCreate.storyboard in Resources */,
				4D1EA47FD9746075D8601857 /* StockItemDetail.storyboard in Resources */,
				F24866AEAA3F7D01C6B88899 /* StockCategory.storyboard in Resources */,
				B635D17FE85BCAD88C3CA597 /* StockCategoryCreate.storyboard in Resources */,
			);
			runOnlyForDeploymentPostprocessing = 0;
		};
		676700D58E51FE9FDABBCE7E /* Resources */ = {
			isa = PBXResourcesBuildPhase;
			buildActionMask = 2147483647;
			files = (
			);
			runOnlyForDeploymentPostprocessing = 0;
		};
/* End PBXResourcesBuildPhase section */

/* Begin PBXSourcesBuildPhase section */
		E85AE0AB222A256B29DF922B /* Sources */ = {
			isa = PBXSourcesBuildPhase;
			buildActionMask = 2147483647;
			files = (
			);
			runOnlyForDeploymentPostprocessing = 0;
		};
		FA9EF258197DCEABA39D01CB /* Sources */ = {
			isa = PBXSourcesBuildPhase;
			buildActionMask = 2147483647;
			files = (
				681F33BB74B0C37858F3D9AA /* TuistAssets+PyeonDuck.swift in Sources */,
				CF3F9EA13535BFDD914B7F98 /* TuistBundle+PyeonDuck.swift in Sources */,
				F7CDE89EA2B12BAE2EE94AA6 /* AppDelegate.swift in Sources */,
				4AE32AF96666A2DBFB8827AD /* SceneDelegate.swift in Sources */,
				9F10545C193689AEA3BD213F /* Action.swift in Sources */,
				BBC56AFDA697B32DB894E5EC /* AppAppearance.swift in Sources */,
				001AF49D017383DC50DAE2EC /* DataManager.swift in Sources */,
				96BE80026EC3A8D9DABA36D8 /* HapticManager.swift in Sources */,
				361D723582B6995141698277 /* CalenderService.swift in Sources */,
				B14DB0BFABCD44E042754F9B /* CoreDataService.swift in Sources */,
				B91C4C66FA8B8864CA0EA7CA /* SSTService.swift in Sources */,
				07BCB401760666578C757A9C /* ExpirationCalendarViewModel.swift in Sources */,
				F1B9B83AFA8356A461950F38 /* ExpirationDateCreateViewModel.swift in Sources */,
				EE1744ED6A6C626BC7E04FC6 /* ExpirationDetailViewModel.swift in Sources */,
				52CDB7ED9ECDAC99B01A88F2 /* ExpirationListViewModel.swift in Sources */,
				18ECD01E146E99E748D0C544 /* SalaryViewModel.swift in Sources */,
				4C05FA66A8FCCEB9C66281A6 /* StockCategoryViewModel.swift in Sources */,
				F3509B262E92D7C0C24E1B68 /* StockCreateViewModel.swift in Sources */,
				017C163585921AD7CA104FD9 /* StockDetailViewModel.swift in Sources */,
				4A8844AE9A12BC51F76AE58D /* StockItemViewModel.swift in Sources */,
				32F99C4B8D33E217DFA32CCA /* ExpirationListCell.swift in Sources */,
				55FEEFD2AB4DB5E9F5489DB9 /* StockCategoryCell.swift in Sources */,
				1D2C36403FD398B5B774F6BD /* StockItemCell.swift in Sources */,
				FD66DF3711F110D791D4C44B /* ExpirationReadVC.swift in Sources */,
				0486CF837C5E51CAEE7FB2E5 /* ExpirationCreateVC.swift in Sources */,
				D7498AA6776769013D329B99 /* ExpirationDetailVC.swift in Sources */,
				5A15D60A0E0662DC739BC11F /* ExpirationListVC.swift in Sources */,
				C381BD4B946361F34962CD30 /* StockCategoryVC.swift in Sources */,
				3F7710912CC9A9CDB2E808D7 /* StockCreateVC.swift in Sources */,
				613A59DB2935C10B1420E284 /* StockDetailVC.swift in Sources */,
				26ED12FD6E7A98F82D182B8F /* StockItemVC.swift in Sources */,
				8174E2DD41E5F49F5A9843A8 /* CustomButton.swift in Sources */,
				312974A1D3B4C0124B13EDC0 /* CustomImageView.swift in Sources */,
				C779F1AFAB932966837BA43A /* CustomLabel.swift in Sources */,
				A7FF88EC63A4492E24EE9782 /* CustomStackView.swift in Sources */,
				43E07D1CF832109E13F1F70F /* CustomTableView.swift in Sources */,
				5075829B184752E197D79D4B /* CustomTextField.swift in Sources */,
				ACFC8FBA6B7DF8BB383A9729 /* TabBarController.swift in Sources */,
				A348F69EF14B3A727ADB244A /* Model.xcdatamodeld in Sources */,
			);
			runOnlyForDeploymentPostprocessing = 0;
		};
/* End PBXSourcesBuildPhase section */

/* Begin PBXTargetDependency section */
		8D227D6B36C80F681B185A1B /* PBXTargetDependency */ = {
			isa = PBXTargetDependency;
			name = "Pyeon-Duck";
			target = D9F44E65F998251F834C6A7A /* Pyeon-Duck */;
			targetProxy = 3168F1019AAB657D2A3694E0 /* PBXContainerItemProxy */;
		};
/* End PBXTargetDependency section */

/* Begin PBXVariantGroup section */
		5BB355B86C0951E6E345C6FF /* Main.storyboard */ = {
			isa = PBXVariantGroup;
			children = (
				8270155064223CDAD306A2F1 /* Base */,
			);
			name = Main.storyboard;
			sourceTree = "<group>";
		};
		D9B6E4158E0BACC6915BAC2D /* LaunchScreen.storyboard */ = {
			isa = PBXVariantGroup;
			children = (
				76A0C483819897C2C5C005E3 /* Base */,
			);
			name = LaunchScreen.storyboard;
			sourceTree = "<group>";
		};
/* End PBXVariantGroup section */

/* Begin XCBuildConfiguration section */
		28E8659470F992456EFB987E /* Debug */ = {
			isa = XCBuildConfiguration;
			buildSettings = {
				BUNDLE_LOADER = "$(TEST_HOST)";
				CODE_SIGN_IDENTITY = "iPhone Developer";
				IPHONEOS_DEPLOYMENT_TARGET = 16.0;
				LD_RUNPATH_SEARCH_PATHS = (
					"$(inherited)",
					"@executable_path/Frameworks",
					"@loader_path/Frameworks",
				);
				PRODUCT_BUNDLE_IDENTIFIER = "com.Junwoo.Jununu.Pyeon-DuckTests";
				PRODUCT_NAME = Pyeon_DuckTests;
				SDKROOT = iphoneos;
				SUPPORTS_MACCATALYST = NO;
				SUPPORTS_MAC_DESIGNED_FOR_IPHONE_IPAD = YES;
				SUPPORTS_XR_DESIGNED_FOR_IPHONE_IPAD = NO;
				SWIFT_ACTIVE_COMPILATION_CONDITIONS = "$(inherited) DEBUG";
				SWIFT_COMPILATION_MODE = singlefile;
				SWIFT_OPTIMIZATION_LEVEL = "-Onone";
				SWIFT_VERSION = 5.0;
				TARGETED_DEVICE_FAMILY = "1,2";
				TEST_HOST = "$(BUILT_PRODUCTS_DIR)/Pyeon_Duck.app/$(BUNDLE_EXECUTABLE_FOLDER_PATH)/Pyeon_Duck";
				TEST_TARGET_NAME = "Pyeon-Duck";
			};
			name = Debug;
		};
		41124AFF5D1C8F9FE78F5D74 /* Release */ = {
			isa = XCBuildConfiguration;
			buildSettings = {
				BUNDLE_LOADER = "$(TEST_HOST)";
				CODE_SIGN_IDENTITY = "iPhone Developer";
				IPHONEOS_DEPLOYMENT_TARGET = 16.0;
				LD_RUNPATH_SEARCH_PATHS = (
					"$(inherited)",
					"@executable_path/Frameworks",
					"@loader_path/Frameworks",
				);
				PRODUCT_BUNDLE_IDENTIFIER = "com.Junwoo.Jununu.Pyeon-DuckTests";
				PRODUCT_NAME = Pyeon_DuckTests;
				SDKROOT = iphoneos;
				SUPPORTS_MACCATALYST = NO;
				SUPPORTS_MAC_DESIGNED_FOR_IPHONE_IPAD = YES;
				SUPPORTS_XR_DESIGNED_FOR_IPHONE_IPAD = NO;
				SWIFT_COMPILATION_MODE = wholemodule;
				SWIFT_OPTIMIZATION_LEVEL = "-Owholemodule";
				SWIFT_VERSION = 5.0;
				TARGETED_DEVICE_FAMILY = "1,2";
				TEST_HOST = "$(BUILT_PRODUCTS_DIR)/Pyeon_Duck.app/$(BUNDLE_EXECUTABLE_FOLDER_PATH)/Pyeon_Duck";
				TEST_TARGET_NAME = "Pyeon-Duck";
			};
			name = Release;
		};
		6278D11EBB3EDF177274E92F /* Release */ = {
			isa = XCBuildConfiguration;
			baseConfigurationReference = BC9D24819F8A043430E6BF28 /* Pyeon-Duck.xcconfig */;
			buildSettings = {
				ASSETCATALOG_COMPILER_APPICON_NAME = AppIcon;
				CODE_SIGN_IDENTITY = "iPhone Developer";
				ENABLE_PREVIEWS = YES;
				INFOPLIST_FILE = Configs/Info.plist;
				IPHONEOS_DEPLOYMENT_TARGET = 16.0;
				LD_RUNPATH_SEARCH_PATHS = (
					"$(inherited)",
					"@executable_path/Frameworks",
				);
				PRODUCT_BUNDLE_IDENTIFIER = "com.Junwoo.Jununu.Pyeon-Duck";
				PRODUCT_NAME = Pyeon_Duck;
				SDKROOT = iphoneos;
				SUPPORTS_MACCATALYST = NO;
				SUPPORTS_MAC_DESIGNED_FOR_IPHONE_IPAD = YES;
				SUPPORTS_XR_DESIGNED_FOR_IPHONE_IPAD = NO;
				SWIFT_COMPILATION_MODE = wholemodule;
				SWIFT_OPTIMIZATION_LEVEL = "-Owholemodule";
				SWIFT_VERSION = 5.0;
				TARGETED_DEVICE_FAMILY = "1,2";
			};
			name = Release;
		};
		7D6E7C29DCE7A2994C9EC836 /* Debug */ = {
			isa = XCBuildConfiguration;
			baseConfigurationReference = BC9D24819F8A043430E6BF28 /* Pyeon-Duck.xcconfig */;
			buildSettings = {
				ASSETCATALOG_COMPILER_APPICON_NAME = AppIcon;
				CODE_SIGN_IDENTITY = "iPhone Developer";
				ENABLE_PREVIEWS = YES;
				INFOPLIST_FILE = Configs/Info.plist;
				IPHONEOS_DEPLOYMENT_TARGET = 16.0;
				LD_RUNPATH_SEARCH_PATHS = (
					"$(inherited)",
					"@executable_path/Frameworks",
				);
				PRODUCT_BUNDLE_IDENTIFIER = "com.Junwoo.Jununu.Pyeon-Duck";
				PRODUCT_NAME = Pyeon_Duck;
				SDKROOT = iphoneos;
				SUPPORTS_MACCATALYST = NO;
				SUPPORTS_MAC_DESIGNED_FOR_IPHONE_IPAD = YES;
				SUPPORTS_XR_DESIGNED_FOR_IPHONE_IPAD = NO;
				SWIFT_ACTIVE_COMPILATION_CONDITIONS = "$(inherited) DEBUG";
				SWIFT_COMPILATION_MODE = singlefile;
				SWIFT_OPTIMIZATION_LEVEL = "-Onone";
				SWIFT_VERSION = 5.0;
				TARGETED_DEVICE_FAMILY = "1,2";
			};
			name = Debug;
		};
		92AB238054860CBF03B429BC /* Release */ = {
			isa = XCBuildConfiguration;
			buildSettings = {
				ALWAYS_SEARCH_USER_PATHS = NO;
				CLANG_ANALYZER_LOCALIZABILITY_NONLOCALIZED = YES;
				CLANG_ANALYZER_NONNULL = YES;
				CLANG_ANALYZER_NUMBER_OBJECT_CONVERSION = YES_AGGRESSIVE;
				CLANG_CXX_LANGUAGE_STANDARD = "gnu++14";
				CLANG_CXX_LIBRARY = "libc++";
				CLANG_ENABLE_MODULES = YES;
				CLANG_ENABLE_OBJC_ARC = YES;
				CLANG_ENABLE_OBJC_WEAK = YES;
				CLANG_WARN_BLOCK_CAPTURE_AUTORELEASING = YES;
				CLANG_WARN_BOOL_CONVERSION = YES;
				CLANG_WARN_COMMA = YES;
				CLANG_WARN_CONSTANT_CONVERSION = YES;
				CLANG_WARN_DEPRECATED_OBJC_IMPLEMENTATIONS = YES;
				CLANG_WARN_DIRECT_OBJC_ISA_USAGE = YES_ERROR;
				CLANG_WARN_DOCUMENTATION_COMMENTS = YES;
				CLANG_WARN_EMPTY_BODY = YES;
				CLANG_WARN_ENUM_CONVERSION = YES;
				CLANG_WARN_INFINITE_RECURSION = YES;
				CLANG_WARN_INT_CONVERSION = YES;
				CLANG_WARN_NON_LITERAL_NULL_CONVERSION = YES;
				CLANG_WARN_OBJC_IMPLICIT_RETAIN_SELF = YES;
				CLANG_WARN_OBJC_LITERAL_CONVERSION = YES;
				CLANG_WARN_OBJC_ROOT_CLASS = YES_ERROR;
				CLANG_WARN_QUOTED_INCLUDE_IN_FRAMEWORK_HEADER = YES;
				CLANG_WARN_RANGE_LOOP_ANALYSIS = YES;
				CLANG_WARN_STRICT_PROTOTYPES = YES;
				CLANG_WARN_SUSPICIOUS_MOVE = YES;
				CLANG_WARN_UNGUARDED_AVAILABILITY = YES_AGGRESSIVE;
				CLANG_WARN_UNREACHABLE_CODE = YES;
				CLANG_WARN__DUPLICATE_METHOD_MATCH = YES;
				COPY_PHASE_STRIP = NO;
				DEAD_CODE_STRIPPING = YES;
				DEBUG_INFORMATION_FORMAT = "dwarf-with-dsym";
				ENABLE_NS_ASSERTIONS = NO;
				ENABLE_STRICT_OBJC_MSGSEND = YES;
				GCC_C_LANGUAGE_STANDARD = gnu11;
				GCC_NO_COMMON_BLOCKS = YES;
				GCC_WARN_64_TO_32_BIT_CONVERSION = YES;
				GCC_WARN_ABOUT_RETURN_TYPE = YES_ERROR;
				GCC_WARN_UNDECLARED_SELECTOR = YES;
				GCC_WARN_UNINITIALIZED_AUTOS = YES_AGGRESSIVE;
				GCC_WARN_UNUSED_FUNCTION = YES;
				GCC_WARN_UNUSED_VARIABLE = YES;
				MTL_ENABLE_DEBUG_INFO = NO;
				PRODUCT_NAME = "$(TARGET_NAME)";
				VALIDATE_PRODUCT = YES;
			};
			name = Release;
		};
		F14FE8351D8AC0D2AB683E4C /* Debug */ = {
			isa = XCBuildConfiguration;
			buildSettings = {
				ALWAYS_SEARCH_USER_PATHS = NO;
				CLANG_ANALYZER_LOCALIZABILITY_NONLOCALIZED = YES;
				CLANG_ANALYZER_NONNULL = YES;
				CLANG_ANALYZER_NUMBER_OBJECT_CONVERSION = YES_AGGRESSIVE;
				CLANG_CXX_LANGUAGE_STANDARD = "gnu++14";
				CLANG_CXX_LIBRARY = "libc++";
				CLANG_ENABLE_MODULES = YES;
				CLANG_ENABLE_OBJC_ARC = YES;
				CLANG_ENABLE_OBJC_WEAK = YES;
				CLANG_WARN_BLOCK_CAPTURE_AUTORELEASING = YES;
				CLANG_WARN_BOOL_CONVERSION = YES;
				CLANG_WARN_COMMA = YES;
				CLANG_WARN_CONSTANT_CONVERSION = YES;
				CLANG_WARN_DEPRECATED_OBJC_IMPLEMENTATIONS = YES;
				CLANG_WARN_DIRECT_OBJC_ISA_USAGE = YES_ERROR;
				CLANG_WARN_DOCUMENTATION_COMMENTS = YES;
				CLANG_WARN_EMPTY_BODY = YES;
				CLANG_WARN_ENUM_CONVERSION = YES;
				CLANG_WARN_INFINITE_RECURSION = YES;
				CLANG_WARN_INT_CONVERSION = YES;
				CLANG_WARN_NON_LITERAL_NULL_CONVERSION = YES;
				CLANG_WARN_OBJC_IMPLICIT_RETAIN_SELF = YES;
				CLANG_WARN_OBJC_LITERAL_CONVERSION = YES;
				CLANG_WARN_OBJC_ROOT_CLASS = YES_ERROR;
				CLANG_WARN_QUOTED_INCLUDE_IN_FRAMEWORK_HEADER = YES;
				CLANG_WARN_RANGE_LOOP_ANALYSIS = YES;
				CLANG_WARN_STRICT_PROTOTYPES = YES;
				CLANG_WARN_SUSPICIOUS_MOVE = YES;
				CLANG_WARN_UNGUARDED_AVAILABILITY = YES_AGGRESSIVE;
				CLANG_WARN_UNREACHABLE_CODE = YES;
				CLANG_WARN__DUPLICATE_METHOD_MATCH = YES;
				COPY_PHASE_STRIP = NO;
				DEAD_CODE_STRIPPING = YES;
				DEBUG_INFORMATION_FORMAT = dwarf;
				ENABLE_STRICT_OBJC_MSGSEND = YES;
				ENABLE_TESTABILITY = YES;
				GCC_C_LANGUAGE_STANDARD = gnu11;
				GCC_DYNAMIC_NO_PIC = NO;
				GCC_NO_COMMON_BLOCKS = YES;
				GCC_OPTIMIZATION_LEVEL = 0;
				GCC_PREPROCESSOR_DEFINITIONS = (
					"DEBUG=1",
					"$(inherited)",
				);
				GCC_WARN_64_TO_32_BIT_CONVERSION = YES;
				GCC_WARN_ABOUT_RETURN_TYPE = YES_ERROR;
				GCC_WARN_UNDECLARED_SELECTOR = YES;
				GCC_WARN_UNINITIALIZED_AUTOS = YES_AGGRESSIVE;
				GCC_WARN_UNUSED_FUNCTION = YES;
				GCC_WARN_UNUSED_VARIABLE = YES;
				MTL_ENABLE_DEBUG_INFO = YES;
				ONLY_ACTIVE_ARCH = YES;
				PRODUCT_NAME = "$(TARGET_NAME)";
			};
			name = Debug;
		};
/* End XCBuildConfiguration section */

/* Begin XCConfigurationList section */
		0522C41C8309EE55060AB2E6 /* Build configuration list for PBXNativeTarget "Pyeon-DuckTests" */ = {
			isa = XCConfigurationList;
			buildConfigurations = (
				28E8659470F992456EFB987E /* Debug */,
				41124AFF5D1C8F9FE78F5D74 /* Release */,
			);
			defaultConfigurationIsVisible = 0;
			defaultConfigurationName = Release;
		};
		9BF7E7E0DC863C4D381A4056 /* Build configuration list for PBXNativeTarget "Pyeon-Duck" */ = {
			isa = XCConfigurationList;
			buildConfigurations = (
				7D6E7C29DCE7A2994C9EC836 /* Debug */,
				6278D11EBB3EDF177274E92F /* Release */,
			);
			defaultConfigurationIsVisible = 0;
			defaultConfigurationName = Release;
		};
		D3A2A4E2C8CE7DB81AD70152 /* Build configuration list for PBXProject "Pyeon-Duck" */ = {
			isa = XCConfigurationList;
			buildConfigurations = (
				F14FE8351D8AC0D2AB683E4C /* Debug */,
				92AB238054860CBF03B429BC /* Release */,
			);
			defaultConfigurationIsVisible = 0;
			defaultConfigurationName = Release;
		};
/* End XCConfigurationList section */

/* Begin XCVersionGroup section */
		AE27030F401AFA030F629860 /* Model.xcdatamodeld */ = {
			isa = XCVersionGroup;
			children = (
				9F01683706336C7B8FEE6D86 /* Model.xcdatamodel */,
			);
			currentVersion = 9F01683706336C7B8FEE6D86 /* Model.xcdatamodel */;
			path = Model.xcdatamodeld;
			sourceTree = "<group>";
			versionGroupType = wrapper.xcdatamodel;
		};
/* End XCVersionGroup section */
	};
	rootObject = B1CEC94EE531F3E798F05E7A /* Project object */;
}
